// !$*UTF8*$!
{
	archiveVersion = 1;
	classes = {
	};
	objectVersion = 55;
	objects = {

/* Begin PBXBuildFile section */
		BC82C8F0279FF20700151D42 /* RealmManager.swift in Sources */ = {isa = PBXBuildFile; fileRef = BC82C8EF279FF20700151D42 /* RealmManager.swift */; };
		BC82C8F427A02E1000151D42 /* ObservableObject.swift in Sources */ = {isa = PBXBuildFile; fileRef = BC82C8F327A02E1000151D42 /* ObservableObject.swift */; };
		BC82C8F627A031ED00151D42 /* CharacterDetailViewModel.swift in Sources */ = {isa = PBXBuildFile; fileRef = BC82C8F527A031ED00151D42 /* CharacterDetailViewModel.swift */; };
		BCCB00A6279AB98F00B1CB52 /* AppDelegate.swift in Sources */ = {isa = PBXBuildFile; fileRef = BCCB00A5279AB98F00B1CB52 /* AppDelegate.swift */; };
		BCCB00AD279AB98F00B1CB52 /* Main.storyboard in Resources */ = {isa = PBXBuildFile; fileRef = BCCB00AB279AB98F00B1CB52 /* Main.storyboard */; };
		BCCB00F9279AC13800B1CB52 /* CharacterListDataSource.swift in Sources */ = {isa = PBXBuildFile; fileRef = BCCB00EB279AC13800B1CB52 /* CharacterListDataSource.swift */; };
		BCCB00FA279AC13800B1CB52 /* CharacterItemDataOut.swift in Sources */ = {isa = PBXBuildFile; fileRef = BCCB00EC279AC13800B1CB52 /* CharacterItemDataOut.swift */; };
		BCCB00FC279AC13800B1CB52 /* CharacterListManager.swift in Sources */ = {isa = PBXBuildFile; fileRef = BCCB00EF279AC13800B1CB52 /* CharacterListManager.swift */; };
		BCCB00FD279AC13800B1CB52 /* CharacterItemModel.swift in Sources */ = {isa = PBXBuildFile; fileRef = BCCB00F0279AC13800B1CB52 /* CharacterItemModel.swift */; };
		BCCB00FE279AC13800B1CB52 /* CharacterListModel.swift in Sources */ = {isa = PBXBuildFile; fileRef = BCCB00F1279AC13800B1CB52 /* CharacterListModel.swift */; };
		BCCB0101279AD39B00B1CB52 /* EndpointRepositoryKeys.swift in Sources */ = {isa = PBXBuildFile; fileRef = BCCB0100279AD39B00B1CB52 /* EndpointRepositoryKeys.swift */; };
		BCCB0103279AD53200B1CB52 /* NetworkManager.swift in Sources */ = {isa = PBXBuildFile; fileRef = BCCB0102279AD53200B1CB52 /* NetworkManager.swift */; };
		BCCB0105279AD64100B1CB52 /* RequestEncoding.swift in Sources */ = {isa = PBXBuildFile; fileRef = BCCB0104279AD64100B1CB52 /* RequestEncoding.swift */; };
		BCCB010D279ADFE400B1CB52 /* CharacterListViewModel.swift in Sources */ = {isa = PBXBuildFile; fileRef = BCCB0107279ADFE400B1CB52 /* CharacterListViewModel.swift */; };
		BCCB010E279ADFE400B1CB52 /* CharacterListViewController.xib in Resources */ = {isa = PBXBuildFile; fileRef = BCCB0108279ADFE400B1CB52 /* CharacterListViewController.xib */; };
		BCCB010F279ADFE400B1CB52 /* CharacterListViewController.swift in Sources */ = {isa = PBXBuildFile; fileRef = BCCB0109279ADFE400B1CB52 /* CharacterListViewController.swift */; };
		BCCB0110279ADFE400B1CB52 /* CharacterCollectionViewCell.swift in Sources */ = {isa = PBXBuildFile; fileRef = BCCB010B279ADFE400B1CB52 /* CharacterCollectionViewCell.swift */; };
		BCCB0111279ADFE400B1CB52 /* CharacterCollectionViewCell.xib in Resources */ = {isa = PBXBuildFile; fileRef = BCCB010C279ADFE400B1CB52 /* CharacterCollectionViewCell.xib */; };
		BCCB0115279AE3EA00B1CB52 /* SplashScreen.storyboard in Resources */ = {isa = PBXBuildFile; fileRef = BCCB0114279AE3EA00B1CB52 /* SplashScreen.storyboard */; };
		BCCB011C279B0E9700B1CB52 /* CharacterDetailViewController.swift in Sources */ = {isa = PBXBuildFile; fileRef = BCCB011A279B0E9700B1CB52 /* CharacterDetailViewController.swift */; };
		BCCB011D279B0E9700B1CB52 /* CharacterDetailViewController.xib in Resources */ = {isa = PBXBuildFile; fileRef = BCCB011B279B0E9700B1CB52 /* CharacterDetailViewController.xib */; };
		BCCB0128279C3A1900B1CB52 /* CharacterDetailDataSource.swift in Sources */ = {isa = PBXBuildFile; fileRef = BCCB0121279C3A1900B1CB52 /* CharacterDetailDataSource.swift */; };
		BCCB0129279C3A1900B1CB52 /* QuoteDataOut.swift in Sources */ = {isa = PBXBuildFile; fileRef = BCCB0122279C3A1900B1CB52 /* QuoteDataOut.swift */; };
		BCCB012C279C3A1900B1CB52 /* CharacterDetailManager.swift in Sources */ = {isa = PBXBuildFile; fileRef = BCCB0126279C3A1900B1CB52 /* CharacterDetailManager.swift */; };
		BCCB0140279E9B2100B1CB52 /* Assets.xcassets in Resources */ = {isa = PBXBuildFile; fileRef = BCCB012F279E9B2100B1CB52 /* Assets.xcassets */; };
		BCCB0141279E9B2100B1CB52 /* Utils.swift in Sources */ = {isa = PBXBuildFile; fileRef = BCCB0130279E9B2100B1CB52 /* Utils.swift */; };
		BCCB0143279E9B2100B1CB52 /* Localizable.strings in Resources */ = {isa = PBXBuildFile; fileRef = BCCB0133279E9B2100B1CB52 /* Localizable.strings */; };
		BCCB0145279E9B2100B1CB52 /* Localization.swift in Sources */ = {isa = PBXBuildFile; fileRef = BCCB0137279E9B2100B1CB52 /* Localization.swift */; };
		BCCB0147279E9B2100B1CB52 /* structured-swift4.stencil in Resources */ = {isa = PBXBuildFile; fileRef = BCCB013F279E9B2100B1CB52 /* structured-swift4.stencil */; };
		BCCB014B279E9E6000B1CB52 /* LocalStorage.swift in Sources */ = {isa = PBXBuildFile; fileRef = BCCB014A279E9E6000B1CB52 /* LocalStorage.swift */; };
		BCCB014D279E9E8500B1CB52 /* AppLanguage.swift in Sources */ = {isa = PBXBuildFile; fileRef = BCCB014C279E9E8500B1CB52 /* AppLanguage.swift */; };
		BCCB014F279EB40B00B1CB52 /* Locale-App.swift in Sources */ = {isa = PBXBuildFile; fileRef = BCCB014E279EB40B00B1CB52 /* Locale-App.swift */; };
		BCCB0152279EB89F00B1CB52 /* Bundle-AppLocale.swift in Sources */ = {isa = PBXBuildFile; fileRef = BCCB0151279EB89F00B1CB52 /* Bundle-AppLocale.swift */; };
		BCCB0154279EB8D100B1CB52 /* DispatchQueue-Extensions.swift in Sources */ = {isa = PBXBuildFile; fileRef = BCCB0153279EB8D100B1CB52 /* DispatchQueue-Extensions.swift */; };
		F11E9E54B36BA23FF5929457 /* Pods_MediquoTest.framework in Frameworks */ = {isa = PBXBuildFile; fileRef = 3DEC3F95821C2929CE653871 /* Pods_MediquoTest.framework */; };
/* End PBXBuildFile section */

/* Begin PBXFileReference section */
		07C273345B35DDF20A74636B /* Pods-MediquoTest.debug.xcconfig */ = {isa = PBXFileReference; includeInIndex = 1; lastKnownFileType = text.xcconfig; name = "Pods-MediquoTest.debug.xcconfig"; path = "Target Support Files/Pods-MediquoTest/Pods-MediquoTest.debug.xcconfig"; sourceTree = "<group>"; };
		3DEC3F95821C2929CE653871 /* Pods_MediquoTest.framework */ = {isa = PBXFileReference; explicitFileType = wrapper.framework; includeInIndex = 0; path = Pods_MediquoTest.framework; sourceTree = BUILT_PRODUCTS_DIR; };
		816592F4E9D0D20BA07F4441 /* Pods-MediquoTest.release.xcconfig */ = {isa = PBXFileReference; includeInIndex = 1; lastKnownFileType = text.xcconfig; name = "Pods-MediquoTest.release.xcconfig"; path = "Target Support Files/Pods-MediquoTest/Pods-MediquoTest.release.xcconfig"; sourceTree = "<group>"; };
		BC82C8EF279FF20700151D42 /* RealmManager.swift */ = {isa = PBXFileReference; lastKnownFileType = sourcecode.swift; path = RealmManager.swift; sourceTree = "<group>"; };
		BC82C8F327A02E1000151D42 /* ObservableObject.swift */ = {isa = PBXFileReference; lastKnownFileType = sourcecode.swift; path = ObservableObject.swift; sourceTree = "<group>"; };
		BC82C8F527A031ED00151D42 /* CharacterDetailViewModel.swift */ = {isa = PBXFileReference; lastKnownFileType = sourcecode.swift; path = CharacterDetailViewModel.swift; sourceTree = "<group>"; };
		BCCB00A2279AB98F00B1CB52 /* MediquoTest.app */ = {isa = PBXFileReference; explicitFileType = wrapper.application; includeInIndex = 0; path = MediquoTest.app; sourceTree = BUILT_PRODUCTS_DIR; };
		BCCB00A5279AB98F00B1CB52 /* AppDelegate.swift */ = {isa = PBXFileReference; lastKnownFileType = sourcecode.swift; path = AppDelegate.swift; sourceTree = "<group>"; };
		BCCB00AC279AB98F00B1CB52 /* Base */ = {isa = PBXFileReference; lastKnownFileType = file.storyboard; name = Base; path = Base.lproj/Main.storyboard; sourceTree = "<group>"; };
		BCCB00B6279AB99400B1CB52 /* Info.plist */ = {isa = PBXFileReference; lastKnownFileType = text.plist.xml; path = Info.plist; sourceTree = "<group>"; };
		BCCB00EB279AC13800B1CB52 /* CharacterListDataSource.swift */ = {isa = PBXFileReference; fileEncoding = 4; lastKnownFileType = sourcecode.swift; path = CharacterListDataSource.swift; sourceTree = "<group>"; };
		BCCB00EC279AC13800B1CB52 /* CharacterItemDataOut.swift */ = {isa = PBXFileReference; fileEncoding = 4; lastKnownFileType = sourcecode.swift; path = CharacterItemDataOut.swift; sourceTree = "<group>"; };
		BCCB00EF279AC13800B1CB52 /* CharacterListManager.swift */ = {isa = PBXFileReference; fileEncoding = 4; lastKnownFileType = sourcecode.swift; path = CharacterListManager.swift; sourceTree = "<group>"; };
		BCCB00F0279AC13800B1CB52 /* CharacterItemModel.swift */ = {isa = PBXFileReference; fileEncoding = 4; lastKnownFileType = sourcecode.swift; path = CharacterItemModel.swift; sourceTree = "<group>"; };
		BCCB00F1279AC13800B1CB52 /* CharacterListModel.swift */ = {isa = PBXFileReference; fileEncoding = 4; lastKnownFileType = sourcecode.swift; path = CharacterListModel.swift; sourceTree = "<group>"; };
		BCCB0100279AD39B00B1CB52 /* EndpointRepositoryKeys.swift */ = {isa = PBXFileReference; lastKnownFileType = sourcecode.swift; path = EndpointRepositoryKeys.swift; sourceTree = "<group>"; };
		BCCB0102279AD53200B1CB52 /* NetworkManager.swift */ = {isa = PBXFileReference; lastKnownFileType = sourcecode.swift; path = NetworkManager.swift; sourceTree = "<group>"; };
		BCCB0104279AD64100B1CB52 /* RequestEncoding.swift */ = {isa = PBXFileReference; lastKnownFileType = sourcecode.swift; path = RequestEncoding.swift; sourceTree = "<group>"; };
		BCCB0107279ADFE400B1CB52 /* CharacterListViewModel.swift */ = {isa = PBXFileReference; fileEncoding = 4; lastKnownFileType = sourcecode.swift; path = CharacterListViewModel.swift; sourceTree = "<group>"; };
		BCCB0108279ADFE400B1CB52 /* CharacterListViewController.xib */ = {isa = PBXFileReference; fileEncoding = 4; lastKnownFileType = file.xib; path = CharacterListViewController.xib; sourceTree = "<group>"; };
		BCCB0109279ADFE400B1CB52 /* CharacterListViewController.swift */ = {isa = PBXFileReference; fileEncoding = 4; lastKnownFileType = sourcecode.swift; path = CharacterListViewController.swift; sourceTree = "<group>"; };
		BCCB010B279ADFE400B1CB52 /* CharacterCollectionViewCell.swift */ = {isa = PBXFileReference; fileEncoding = 4; lastKnownFileType = sourcecode.swift; path = CharacterCollectionViewCell.swift; sourceTree = "<group>"; };
		BCCB010C279ADFE400B1CB52 /* CharacterCollectionViewCell.xib */ = {isa = PBXFileReference; fileEncoding = 4; lastKnownFileType = file.xib; path = CharacterCollectionViewCell.xib; sourceTree = "<group>"; };
		BCCB0114279AE3EA00B1CB52 /* SplashScreen.storyboard */ = {isa = PBXFileReference; fileEncoding = 4; lastKnownFileType = file.storyboard; path = SplashScreen.storyboard; sourceTree = "<group>"; };
		BCCB011A279B0E9700B1CB52 /* CharacterDetailViewController.swift */ = {isa = PBXFileReference; fileEncoding = 4; lastKnownFileType = sourcecode.swift; path = CharacterDetailViewController.swift; sourceTree = "<group>"; };
		BCCB011B279B0E9700B1CB52 /* CharacterDetailViewController.xib */ = {isa = PBXFileReference; fileEncoding = 4; lastKnownFileType = file.xib; path = CharacterDetailViewController.xib; sourceTree = "<group>"; };
		BCCB0121279C3A1900B1CB52 /* CharacterDetailDataSource.swift */ = {isa = PBXFileReference; fileEncoding = 4; lastKnownFileType = sourcecode.swift; path = CharacterDetailDataSource.swift; sourceTree = "<group>"; };
		BCCB0122279C3A1900B1CB52 /* QuoteDataOut.swift */ = {isa = PBXFileReference; fileEncoding = 4; lastKnownFileType = sourcecode.swift; path = QuoteDataOut.swift; sourceTree = "<group>"; };
		BCCB0126279C3A1900B1CB52 /* CharacterDetailManager.swift */ = {isa = PBXFileReference; fileEncoding = 4; lastKnownFileType = sourcecode.swift; path = CharacterDetailManager.swift; sourceTree = "<group>"; };
		BCCB012F279E9B2100B1CB52 /* Assets.xcassets */ = {isa = PBXFileReference; lastKnownFileType = folder.assetcatalog; path = Assets.xcassets; sourceTree = "<group>"; };
		BCCB0130279E9B2100B1CB52 /* Utils.swift */ = {isa = PBXFileReference; fileEncoding = 4; lastKnownFileType = sourcecode.swift; path = Utils.swift; sourceTree = "<group>"; };
		BCCB0137279E9B2100B1CB52 /* Localization.swift */ = {isa = PBXFileReference; fileEncoding = 4; lastKnownFileType = sourcecode.swift; path = Localization.swift; sourceTree = "<group>"; };
		BCCB013A279E9B2100B1CB52 /* es */ = {isa = PBXFileReference; lastKnownFileType = text.plist.strings; name = es; path = es.lproj/Localizable.strings; sourceTree = "<group>"; };
		BCCB013F279E9B2100B1CB52 /* structured-swift4.stencil */ = {isa = PBXFileReference; fileEncoding = 4; lastKnownFileType = text; path = "structured-swift4.stencil"; sourceTree = "<group>"; };
		BCCB0149279E9CAA00B1CB52 /* en */ = {isa = PBXFileReference; lastKnownFileType = text.plist.strings; name = en; path = en.lproj/Localizable.strings; sourceTree = "<group>"; };
		BCCB014A279E9E6000B1CB52 /* LocalStorage.swift */ = {isa = PBXFileReference; lastKnownFileType = sourcecode.swift; path = LocalStorage.swift; sourceTree = "<group>"; };
		BCCB014C279E9E8500B1CB52 /* AppLanguage.swift */ = {isa = PBXFileReference; lastKnownFileType = sourcecode.swift; path = AppLanguage.swift; sourceTree = "<group>"; };
		BCCB014E279EB40B00B1CB52 /* Locale-App.swift */ = {isa = PBXFileReference; lastKnownFileType = sourcecode.swift; path = "Locale-App.swift"; sourceTree = "<group>"; };
		BCCB0151279EB89F00B1CB52 /* Bundle-AppLocale.swift */ = {isa = PBXFileReference; lastKnownFileType = sourcecode.swift; path = "Bundle-AppLocale.swift"; sourceTree = "<group>"; };
		BCCB0153279EB8D100B1CB52 /* DispatchQueue-Extensions.swift */ = {isa = PBXFileReference; lastKnownFileType = sourcecode.swift; path = "DispatchQueue-Extensions.swift"; sourceTree = "<group>"; };
/* End PBXFileReference section */

/* Begin PBXFrameworksBuildPhase section */
		BCCB009F279AB98F00B1CB52 /* Frameworks */ = {
			isa = PBXFrameworksBuildPhase;
			buildActionMask = 2147483647;
			files = (
				F11E9E54B36BA23FF5929457 /* Pods_MediquoTest.framework in Frameworks */,
			);
			runOnlyForDeploymentPostprocessing = 0;
		};
/* End PBXFrameworksBuildPhase section */

/* Begin PBXGroup section */
		773CF8039BEAEF8CDAA2B1A7 /* Pods */ = {
			isa = PBXGroup;
			children = (
				07C273345B35DDF20A74636B /* Pods-MediquoTest.debug.xcconfig */,
				816592F4E9D0D20BA07F4441 /* Pods-MediquoTest.release.xcconfig */,
			);
			path = Pods;
			sourceTree = "<group>";
		};
		A16D6D16945EEFF9D9019522 /* Frameworks */ = {
			isa = PBXGroup;
			children = (
				3DEC3F95821C2929CE653871 /* Pods_MediquoTest.framework */,
			);
			name = Frameworks;
			sourceTree = "<group>";
		};
		BC82C8EE279FF1E100151D42 /* Database */ = {
			isa = PBXGroup;
			children = (
				BC82C8EF279FF20700151D42 /* RealmManager.swift */,
			);
			path = Database;
			sourceTree = "<group>";
		};
		BC82C8F227A02DD100151D42 /* Tools */ = {
			isa = PBXGroup;
			children = (
				BCCB0150279EB88300B1CB52 /* Language */,
				BCCB0130279E9B2100B1CB52 /* Utils.swift */,
				BC82C8F327A02E1000151D42 /* ObservableObject.swift */,
			);
			path = Tools;
			sourceTree = "<group>";
		};
		BCCB0099279AB98F00B1CB52 = {
			isa = PBXGroup;
			children = (
				BCCB00A4279AB98F00B1CB52 /* MediquoTest */,
				BCCB00A3279AB98F00B1CB52 /* Products */,
				773CF8039BEAEF8CDAA2B1A7 /* Pods */,
				A16D6D16945EEFF9D9019522 /* Frameworks */,
			);
			sourceTree = "<group>";
		};
		BCCB00A3279AB98F00B1CB52 /* Products */ = {
			isa = PBXGroup;
			children = (
				BCCB00A2279AB98F00B1CB52 /* MediquoTest.app */,
			);
			name = Products;
			sourceTree = "<group>";
		};
		BCCB00A4279AB98F00B1CB52 /* MediquoTest */ = {
			isa = PBXGroup;
			children = (
				BC82C8F227A02DD100151D42 /* Tools */,
				BC82C8EE279FF1E100151D42 /* Database */,
				BCCB012E279E9B2100B1CB52 /* Resources */,
				BCCB00FF279AD38700B1CB52 /* Network */,
				BCCB00DD279AC10600B1CB52 /* Features */,
				BCCB00A5279AB98F00B1CB52 /* AppDelegate.swift */,
				BCCB00AB279AB98F00B1CB52 /* Main.storyboard */,
				BCCB00B6279AB99400B1CB52 /* Info.plist */,
			);
			path = MediquoTest;
			sourceTree = "<group>";
		};
		BCCB00DD279AC10600B1CB52 /* Features */ = {
			isa = PBXGroup;
			children = (
				BCCB0118279B0E9700B1CB52 /* CharacterDetail */,
				BCCB00E2279AC13800B1CB52 /* CharacterList */,
			);
			path = Features;
			sourceTree = "<group>";
		};
		BCCB00E2279AC13800B1CB52 /* CharacterList */ = {
			isa = PBXGroup;
			children = (
				BCCB0112279AE3EA00B1CB52 /* Splash */,
				BCCB0106279ADFE400B1CB52 /* View */,
				BCCB00EA279AC13800B1CB52 /* Data */,
				BCCB00EE279AC13800B1CB52 /* Domain */,
			);
			path = CharacterList;
			sourceTree = "<group>";
		};
		BCCB00EA279AC13800B1CB52 /* Data */ = {
			isa = PBXGroup;
			children = (
				BCCB00EB279AC13800B1CB52 /* CharacterListDataSource.swift */,
				BCCB00EC279AC13800B1CB52 /* CharacterItemDataOut.swift */,
			);
			path = Data;
			sourceTree = "<group>";
		};
		BCCB00EE279AC13800B1CB52 /* Domain */ = {
			isa = PBXGroup;
			children = (
				BCCB00EF279AC13800B1CB52 /* CharacterListManager.swift */,
				BCCB00F0279AC13800B1CB52 /* CharacterItemModel.swift */,
				BCCB00F1279AC13800B1CB52 /* CharacterListModel.swift */,
			);
			path = Domain;
			sourceTree = "<group>";
		};
		BCCB00FF279AD38700B1CB52 /* Network */ = {
			isa = PBXGroup;
			children = (
				BCCB0100279AD39B00B1CB52 /* EndpointRepositoryKeys.swift */,
				BCCB0102279AD53200B1CB52 /* NetworkManager.swift */,
				BCCB0104279AD64100B1CB52 /* RequestEncoding.swift */,
			);
			path = Network;
			sourceTree = "<group>";
		};
		BCCB0106279ADFE400B1CB52 /* View */ = {
			isa = PBXGroup;
			children = (
				BCCB0107279ADFE400B1CB52 /* CharacterListViewModel.swift */,
				BCCB0108279ADFE400B1CB52 /* CharacterListViewController.xib */,
				BCCB0109279ADFE400B1CB52 /* CharacterListViewController.swift */,
				BCCB010A279ADFE400B1CB52 /* Cell */,
			);
			path = View;
			sourceTree = "<group>";
		};
		BCCB010A279ADFE400B1CB52 /* Cell */ = {
			isa = PBXGroup;
			children = (
				BCCB010B279ADFE400B1CB52 /* CharacterCollectionViewCell.swift */,
				BCCB010C279ADFE400B1CB52 /* CharacterCollectionViewCell.xib */,
			);
			path = Cell;
			sourceTree = "<group>";
		};
		BCCB0112279AE3EA00B1CB52 /* Splash */ = {
			isa = PBXGroup;
			children = (
				BCCB0113279AE3EA00B1CB52 /* View */,
			);
			name = Splash;
			path = MediquoTest/Features/Splash;
			sourceTree = SOURCE_ROOT;
		};
		BCCB0113279AE3EA00B1CB52 /* View */ = {
			isa = PBXGroup;
			children = (
				BCCB0114279AE3EA00B1CB52 /* SplashScreen.storyboard */,
			);
			path = View;
			sourceTree = "<group>";
		};
		BCCB0118279B0E9700B1CB52 /* CharacterDetail */ = {
			isa = PBXGroup;
			children = (
				BCCB0120279C3A1900B1CB52 /* Data */,
				BCCB0124279C3A1900B1CB52 /* Domain */,
				BCCB0119279B0E9700B1CB52 /* View */,
			);
			path = CharacterDetail;
			sourceTree = "<group>";
		};
		BCCB0119279B0E9700B1CB52 /* View */ = {
			isa = PBXGroup;
			children = (
				BCCB011A279B0E9700B1CB52 /* CharacterDetailViewController.swift */,
				BCCB011B279B0E9700B1CB52 /* CharacterDetailViewController.xib */,
				BC82C8F527A031ED00151D42 /* CharacterDetailViewModel.swift */,
			);
			path = View;
			sourceTree = "<group>";
		};
		BCCB0120279C3A1900B1CB52 /* Data */ = {
			isa = PBXGroup;
			children = (
				BCCB0121279C3A1900B1CB52 /* CharacterDetailDataSource.swift */,
				BCCB0122279C3A1900B1CB52 /* QuoteDataOut.swift */,
			);
			path = Data;
			sourceTree = "<group>";
		};
		BCCB0124279C3A1900B1CB52 /* Domain */ = {
			isa = PBXGroup;
			children = (
				BCCB0126279C3A1900B1CB52 /* CharacterDetailManager.swift */,
			);
			path = Domain;
			sourceTree = "<group>";
		};
		BCCB012E279E9B2100B1CB52 /* Resources */ = {
			isa = PBXGroup;
			children = (
				BCCB012F279E9B2100B1CB52 /* Assets.xcassets */,
				BCCB0132279E9B2100B1CB52 /* Localization */,
			);
			path = Resources;
			sourceTree = "<group>";
		};
		BCCB0132279E9B2100B1CB52 /* Localization */ = {
			isa = PBXGroup;
			children = (
				BCCB0133279E9B2100B1CB52 /* Localizable.strings */,
				BCCB0137279E9B2100B1CB52 /* Localization.swift */,
				BCCB013F279E9B2100B1CB52 /* structured-swift4.stencil */,
			);
			path = Localization;
			sourceTree = "<group>";
		};
		BCCB0150279EB88300B1CB52 /* Language */ = {
			isa = PBXGroup;
			children = (
				BCCB014E279EB40B00B1CB52 /* Locale-App.swift */,
				BCCB014A279E9E6000B1CB52 /* LocalStorage.swift */,
				BCCB014C279E9E8500B1CB52 /* AppLanguage.swift */,
				BCCB0151279EB89F00B1CB52 /* Bundle-AppLocale.swift */,
				BCCB0153279EB8D100B1CB52 /* DispatchQueue-Extensions.swift */,
			);
			path = Language;
			sourceTree = "<group>";
		};
/* End PBXGroup section */

/* Begin PBXNativeTarget section */
		BCCB00A1279AB98F00B1CB52 /* MediquoTest */ = {
			isa = PBXNativeTarget;
			buildConfigurationList = BCCB00B9279AB99400B1CB52 /* Build configuration list for PBXNativeTarget "MediquoTest" */;
			buildPhases = (
				3CC266DB9E58A3B0266BB515 /* [CP] Check Pods Manifest.lock */,
				BCCB009E279AB98F00B1CB52 /* Sources */,
				BCCB009F279AB98F00B1CB52 /* Frameworks */,
				BCCB00A0279AB98F00B1CB52 /* Resources */,
				BCCB0148279E9C6B00B1CB52 /* ShellScript */,
				AA97DD4B2B840B3DCD5D7379 /* [CP] Embed Pods Frameworks */,
			);
			buildRules = (
			);
			dependencies = (
			);
			name = MediquoTest;
			productName = MediquoTest;
			productReference = BCCB00A2279AB98F00B1CB52 /* MediquoTest.app */;
			productType = "com.apple.product-type.application";
		};
/* End PBXNativeTarget section */

/* Begin PBXProject section */
		BCCB009A279AB98F00B1CB52 /* Project object */ = {
			isa = PBXProject;
			attributes = {
				BuildIndependentTargetsInParallel = 1;
				LastSwiftUpdateCheck = 1300;
				LastUpgradeCheck = 1300;
				TargetAttributes = {
					BCCB00A1279AB98F00B1CB52 = {
						CreatedOnToolsVersion = 13.0;
					};
				};
			};
			buildConfigurationList = BCCB009D279AB98F00B1CB52 /* Build configuration list for PBXProject "MediquoTest" */;
			compatibilityVersion = "Xcode 13.0";
			developmentRegion = en;
			hasScannedForEncodings = 0;
			knownRegions = (
				en,
				Base,
				eu,
				"ca-ES",
				es,
				gl,
			);
			mainGroup = BCCB0099279AB98F00B1CB52;
			productRefGroup = BCCB00A3279AB98F00B1CB52 /* Products */;
			projectDirPath = "";
			projectRoot = "";
			targets = (
				BCCB00A1279AB98F00B1CB52 /* MediquoTest */,
			);
		};
/* End PBXProject section */

/* Begin PBXResourcesBuildPhase section */
		BCCB00A0279AB98F00B1CB52 /* Resources */ = {
			isa = PBXResourcesBuildPhase;
			buildActionMask = 2147483647;
			files = (
				BCCB0115279AE3EA00B1CB52 /* SplashScreen.storyboard in Resources */,
				BCCB0111279ADFE400B1CB52 /* CharacterCollectionViewCell.xib in Resources */,
				BCCB0147279E9B2100B1CB52 /* structured-swift4.stencil in Resources */,
				BCCB011D279B0E9700B1CB52 /* CharacterDetailViewController.xib in Resources */,
				BCCB010E279ADFE400B1CB52 /* CharacterListViewController.xib in Resources */,
				BCCB0143279E9B2100B1CB52 /* Localizable.strings in Resources */,
				BCCB0140279E9B2100B1CB52 /* Assets.xcassets in Resources */,
				BCCB00AD279AB98F00B1CB52 /* Main.storyboard in Resources */,
			);
			runOnlyForDeploymentPostprocessing = 0;
		};
/* End PBXResourcesBuildPhase section */

/* Begin PBXShellScriptBuildPhase section */
		3CC266DB9E58A3B0266BB515 /* [CP] Check Pods Manifest.lock */ = {
			isa = PBXShellScriptBuildPhase;
			buildActionMask = 2147483647;
			files = (
			);
			inputFileListPaths = (
			);
			inputPaths = (
				"${PODS_PODFILE_DIR_PATH}/Podfile.lock",
				"${PODS_ROOT}/Manifest.lock",
			);
			name = "[CP] Check Pods Manifest.lock";
			outputFileListPaths = (
			);
			outputPaths = (
				"$(DERIVED_FILE_DIR)/Pods-MediquoTest-checkManifestLockResult.txt",
			);
			runOnlyForDeploymentPostprocessing = 0;
			shellPath = /bin/sh;
			shellScript = "diff \"${PODS_PODFILE_DIR_PATH}/Podfile.lock\" \"${PODS_ROOT}/Manifest.lock\" > /dev/null\nif [ $? != 0 ] ; then\n    # print error to STDERR\n    echo \"error: The sandbox is not in sync with the Podfile.lock. Run 'pod install' or update your CocoaPods installation.\" >&2\n    exit 1\nfi\n# This output is used by Xcode 'outputs' to avoid re-running this script phase.\necho \"SUCCESS\" > \"${SCRIPT_OUTPUT_FILE_0}\"\n";
			showEnvVarsInLog = 0;
		};
		AA97DD4B2B840B3DCD5D7379 /* [CP] Embed Pods Frameworks */ = {
			isa = PBXShellScriptBuildPhase;
			buildActionMask = 2147483647;
			files = (
			);
			inputFileListPaths = (
				"${PODS_ROOT}/Target Support Files/Pods-MediquoTest/Pods-MediquoTest-frameworks-${CONFIGURATION}-input-files.xcfilelist",
			);
			name = "[CP] Embed Pods Frameworks";
			outputFileListPaths = (
				"${PODS_ROOT}/Target Support Files/Pods-MediquoTest/Pods-MediquoTest-frameworks-${CONFIGURATION}-output-files.xcfilelist",
			);
			runOnlyForDeploymentPostprocessing = 0;
			shellPath = /bin/sh;
			shellScript = "\"${PODS_ROOT}/Target Support Files/Pods-MediquoTest/Pods-MediquoTest-frameworks.sh\"\n";
			showEnvVarsInLog = 0;
		};
		BCCB0148279E9C6B00B1CB52 /* ShellScript */ = {
			isa = PBXShellScriptBuildPhase;
			buildActionMask = 2147483647;
			files = (
			);
			inputFileListPaths = (
			);
			inputPaths = (
			);
			outputFileListPaths = (
			);
			outputPaths = (
			);
			runOnlyForDeploymentPostprocessing = 0;
			shellPath = /bin/sh;
			shellScript = "# Type a script or drag a script file from your workspace to insert its path.\nswiftgen\n";
		};
/* End PBXShellScriptBuildPhase section */

/* Begin PBXSourcesBuildPhase section */
		BCCB009E279AB98F00B1CB52 /* Sources */ = {
			isa = PBXSourcesBuildPhase;
			buildActionMask = 2147483647;
			files = (
				BCCB0145279E9B2100B1CB52 /* Localization.swift in Sources */,
				BCCB0105279AD64100B1CB52 /* RequestEncoding.swift in Sources */,
				BC82C8F427A02E1000151D42 /* ObservableObject.swift in Sources */,
				BCCB0154279EB8D100B1CB52 /* DispatchQueue-Extensions.swift in Sources */,
				BCCB00FA279AC13800B1CB52 /* CharacterItemDataOut.swift in Sources */,
				BCCB010F279ADFE400B1CB52 /* CharacterListViewController.swift in Sources */,
				BCCB00A6279AB98F00B1CB52 /* AppDelegate.swift in Sources */,
				BCCB0101279AD39B00B1CB52 /* EndpointRepositoryKeys.swift in Sources */,
				BCCB00FC279AC13800B1CB52 /* CharacterListManager.swift in Sources */,
				BC82C8F0279FF20700151D42 /* RealmManager.swift in Sources */,
				BCCB012C279C3A1900B1CB52 /* CharacterDetailManager.swift in Sources */,
				BC82C8F627A031ED00151D42 /* CharacterDetailViewModel.swift in Sources */,
				BCCB014F279EB40B00B1CB52 /* Locale-App.swift in Sources */,
				BCCB00FE279AC13800B1CB52 /* CharacterListModel.swift in Sources */,
				BCCB010D279ADFE400B1CB52 /* CharacterListViewModel.swift in Sources */,
				BCCB00F9279AC13800B1CB52 /* CharacterListDataSource.swift in Sources */,
				BCCB0141279E9B2100B1CB52 /* Utils.swift in Sources */,
				BCCB0103279AD53200B1CB52 /* NetworkManager.swift in Sources */,
				BCCB0128279C3A1900B1CB52 /* CharacterDetailDataSource.swift in Sources */,
				BCCB0110279ADFE400B1CB52 /* CharacterCollectionViewCell.swift in Sources */,
				BCCB00FD279AC13800B1CB52 /* CharacterItemModel.swift in Sources */,
				BCCB0152279EB89F00B1CB52 /* Bundle-AppLocale.swift in Sources */,
				BCCB011C279B0E9700B1CB52 /* CharacterDetailViewController.swift in Sources */,
				BCCB014D279E9E8500B1CB52 /* AppLanguage.swift in Sources */,
				BCCB0129279C3A1900B1CB52 /* QuoteDataOut.swift in Sources */,
				BCCB014B279E9E6000B1CB52 /* LocalStorage.swift in Sources */,
			);
			runOnlyForDeploymentPostprocessing = 0;
		};
/* End PBXSourcesBuildPhase section */

/* Begin PBXVariantGroup section */
		BCCB00AB279AB98F00B1CB52 /* Main.storyboard */ = {
			isa = PBXVariantGroup;
			children = (
				BCCB00AC279AB98F00B1CB52 /* Base */,
			);
			name = Main.storyboard;
			sourceTree = "<group>";
		};
		BCCB0133279E9B2100B1CB52 /* Localizable.strings */ = {
			isa = PBXVariantGroup;
			children = (
				BCCB013A279E9B2100B1CB52 /* es */,
				BCCB0149279E9CAA00B1CB52 /* en */,
			);
			name = Localizable.strings;
			sourceTree = "<group>";
		};
/* End PBXVariantGroup section */

/* Begin XCBuildConfiguration section */
		BCCB00B7279AB99400B1CB52 /* Debug */ = {
			isa = XCBuildConfiguration;
			buildSettings = {
				ALWAYS_SEARCH_USER_PATHS = NO;
				CLANG_ANALYZER_NONNULL = YES;
				CLANG_ANALYZER_NUMBER_OBJECT_CONVERSION = YES_AGGRESSIVE;
				CLANG_CXX_LANGUAGE_STANDARD = "gnu++17";
				CLANG_CXX_LIBRARY = "libc++";
				CLANG_ENABLE_MODULES = YES;
				CLANG_ENABLE_OBJC_ARC = YES;
				CLANG_ENABLE_OBJC_WEAK = YES;
				CLANG_WARN_BLOCK_CAPTURE_AUTORELEASING = YES;
				CLANG_WARN_BOOL_CONVERSION = YES;
				CLANG_WARN_COMMA = YES;
				CLANG_WARN_CONSTANT_CONVERSION = YES;
				CLANG_WARN_DEPRECATED_OBJC_IMPLEMENTATIONS = YES;
				CLANG_WARN_DIRECT_OBJC_ISA_USAGE = YES_ERROR;
				CLANG_WARN_DOCUMENTATION_COMMENTS = YES;
				CLANG_WARN_EMPTY_BODY = YES;
				CLANG_WARN_ENUM_CONVERSION = YES;
				CLANG_WARN_INFINITE_RECURSION = YES;
				CLANG_WARN_INT_CONVERSION = YES;
				CLANG_WARN_NON_LITERAL_NULL_CONVERSION = YES;
				CLANG_WARN_OBJC_IMPLICIT_RETAIN_SELF = YES;
				CLANG_WARN_OBJC_LITERAL_CONVERSION = YES;
				CLANG_WARN_OBJC_ROOT_CLASS = YES_ERROR;
				CLANG_WARN_QUOTED_INCLUDE_IN_FRAMEWORK_HEADER = YES;
				CLANG_WARN_RANGE_LOOP_ANALYSIS = YES;
				CLANG_WARN_STRICT_PROTOTYPES = YES;
				CLANG_WARN_SUSPICIOUS_MOVE = YES;
				CLANG_WARN_UNGUARDED_AVAILABILITY = YES_AGGRESSIVE;
				CLANG_WARN_UNREACHABLE_CODE = YES;
				CLANG_WARN__DUPLICATE_METHOD_MATCH = YES;
				COPY_PHASE_STRIP = NO;
				DEBUG_INFORMATION_FORMAT = dwarf;
				ENABLE_STRICT_OBJC_MSGSEND = YES;
				ENABLE_TESTABILITY = YES;
				GCC_C_LANGUAGE_STANDARD = gnu11;
				GCC_DYNAMIC_NO_PIC = NO;
				GCC_NO_COMMON_BLOCKS = YES;
				GCC_OPTIMIZATION_LEVEL = 0;
				GCC_PREPROCESSOR_DEFINITIONS = (
					"DEBUG=1",
					"$(inherited)",
				);
				GCC_WARN_64_TO_32_BIT_CONVERSION = YES;
				GCC_WARN_ABOUT_RETURN_TYPE = YES_ERROR;
				GCC_WARN_UNDECLARED_SELECTOR = YES;
				GCC_WARN_UNINITIALIZED_AUTOS = YES_AGGRESSIVE;
				GCC_WARN_UNUSED_FUNCTION = YES;
				GCC_WARN_UNUSED_VARIABLE = YES;
				IPHONEOS_DEPLOYMENT_TARGET = 15.0;
				MTL_ENABLE_DEBUG_INFO = INCLUDE_SOURCE;
				MTL_FAST_MATH = YES;
				ONLY_ACTIVE_ARCH = YES;
				SDKROOT = iphoneos;
				SWIFT_ACTIVE_COMPILATION_CONDITIONS = DEBUG;
				SWIFT_OPTIMIZATION_LEVEL = "-Onone";
			};
			name = Debug;
		};
		BCCB00B8279AB99400B1CB52 /* Release */ = {
			isa = XCBuildConfiguration;
			buildSettings = {
				ALWAYS_SEARCH_USER_PATHS = NO;
				CLANG_ANALYZER_NONNULL = YES;
				CLANG_ANALYZER_NUMBER_OBJECT_CONVERSION = YES_AGGRESSIVE;
				CLANG_CXX_LANGUAGE_STANDARD = "gnu++17";
				CLANG_CXX_LIBRARY = "libc++";
				CLANG_ENABLE_MODULES = YES;
				CLANG_ENABLE_OBJC_ARC = YES;
				CLANG_ENABLE_OBJC_WEAK = YES;
				CLANG_WARN_BLOCK_CAPTURE_AUTORELEASING = YES;
				CLANG_WARN_BOOL_CONVERSION = YES;
				CLANG_WARN_COMMA = YES;
				CLANG_WARN_CONSTANT_CONVERSION = YES;
				CLANG_WARN_DEPRECATED_OBJC_IMPLEMENTATIONS = YES;
				CLANG_WARN_DIRECT_OBJC_ISA_USAGE = YES_ERROR;
				CLANG_WARN_DOCUMENTATION_COMMENTS = YES;
				CLANG_WARN_EMPTY_BODY = YES;
				CLANG_WARN_ENUM_CONVERSION = YES;
				CLANG_WARN_INFINITE_RECURSION = YES;
				CLANG_WARN_INT_CONVERSION = YES;
				CLANG_WARN_NON_LITERAL_NULL_CONVERSION = YES;
				CLANG_WARN_OBJC_IMPLICIT_RETAIN_SELF = YES;
				CLANG_WARN_OBJC_LITERAL_CONVERSION = YES;
				CLANG_WARN_OBJC_ROOT_CLASS = YES_ERROR;
				CLANG_WARN_QUOTED_INCLUDE_IN_FRAMEWORK_HEADER = YES;
				CLANG_WARN_RANGE_LOOP_ANALYSIS = YES;
				CLANG_WARN_STRICT_PROTOTYPES = YES;
				CLANG_WARN_SUSPICIOUS_MOVE = YES;
				CLANG_WARN_UNGUARDED_AVAILABILITY = YES_AGGRESSIVE;
				CLANG_WARN_UNREACHABLE_CODE = YES;
				CLANG_WARN__DUPLICATE_METHOD_MATCH = YES;
				COPY_PHASE_STRIP = NO;
				DEBUG_INFORMATION_FORMAT = "dwarf-with-dsym";
				ENABLE_NS_ASSERTIONS = NO;
				ENABLE_STRICT_OBJC_MSGSEND = YES;
				GCC_C_LANGUAGE_STANDARD = gnu11;
				GCC_NO_COMMON_BLOCKS = YES;
				GCC_WARN_64_TO_32_BIT_CONVERSION = YES;
				GCC_WARN_ABOUT_RETURN_TYPE = YES_ERROR;
				GCC_WARN_UNDECLARED_SELECTOR = YES;
				GCC_WARN_UNINITIALIZED_AUTOS = YES_AGGRESSIVE;
				GCC_WARN_UNUSED_FUNCTION = YES;
				GCC_WARN_UNUSED_VARIABLE = YES;
				IPHONEOS_DEPLOYMENT_TARGET = 15.0;
				MTL_ENABLE_DEBUG_INFO = NO;
				MTL_FAST_MATH = YES;
				SDKROOT = iphoneos;
				SWIFT_COMPILATION_MODE = wholemodule;
				SWIFT_OPTIMIZATION_LEVEL = "-O";
				VALIDATE_PRODUCT = YES;
			};
			name = Release;
		};
		BCCB00BA279AB99400B1CB52 /* Debug */ = {
			isa = XCBuildConfiguration;
			baseConfigurationReference = 07C273345B35DDF20A74636B /* Pods-MediquoTest.debug.xcconfig */;
			buildSettings = {
				ASSETCATALOG_COMPILER_APPICON_NAME = AppIcon;
				ASSETCATALOG_COMPILER_GLOBAL_ACCENT_COLOR_NAME = AccentColor;
				CODE_SIGN_STYLE = Automatic;
				CURRENT_PROJECT_VERSION = 1;
				DEVELOPMENT_TEAM = 4QM99W37M3;
				GENERATE_INFOPLIST_FILE = YES;
				INFOPLIST_FILE = MediquoTest/Info.plist;
				INFOPLIST_KEY_UIApplicationSupportsIndirectInputEvents = YES;
				INFOPLIST_KEY_UILaunchStoryboardName = SplashScreen;
				INFOPLIST_KEY_UISupportedInterfaceOrientations = "";
				INFOPLIST_KEY_UISupportedInterfaceOrientations_iPad = "UIInterfaceOrientationPortrait UIInterfaceOrientationPortraitUpsideDown UIInterfaceOrientationLandscapeLeft UIInterfaceOrientationLandscapeRight";
				INFOPLIST_KEY_UISupportedInterfaceOrientations_iPhone = "UIInterfaceOrientationPortrait UIInterfaceOrientationLandscapeLeft UIInterfaceOrientationLandscapeRight";
				LD_RUNPATH_SEARCH_PATHS = (
					"$(inherited)",
					"@executable_path/Frameworks",
				);
				MARKETING_VERSION = 1.0;
				PRODUCT_BUNDLE_IDENTIFIER = com.mariluzparejo.MediquoTest;
				PRODUCT_NAME = "$(TARGET_NAME)";
				SWIFT_EMIT_LOC_STRINGS = YES;
				SWIFT_VERSION = 5.0;
				TARGETED_DEVICE_FAMILY = "1,2";
			};
			name = Debug;
		};
		BCCB00BB279AB99400B1CB52 /* Release */ = {
			isa = XCBuildConfiguration;
			baseConfigurationReference = 816592F4E9D0D20BA07F4441 /* Pods-MediquoTest.release.xcconfig */;
			buildSettings = {
				ASSETCATALOG_COMPILER_APPICON_NAME = AppIcon;
				ASSETCATALOG_COMPILER_GLOBAL_ACCENT_COLOR_NAME = AccentColor;
				CODE_SIGN_STYLE = Automatic;
				CURRENT_PROJECT_VERSION = 1;
				DEVELOPMENT_TEAM = 4QM99W37M3;
				GENERATE_INFOPLIST_FILE = YES;
				INFOPLIST_FILE = MediquoTest/Info.plist;
				INFOPLIST_KEY_UIApplicationSupportsIndirectInputEvents = YES;
				INFOPLIST_KEY_UILaunchStoryboardName = SplashScreen;
				INFOPLIST_KEY_UISupportedInterfaceOrientations = "";
				INFOPLIST_KEY_UISupportedInterfaceOrientations_iPad = "UIInterfaceOrientationPortrait UIInterfaceOrientationPortraitUpsideDown UIInterfaceOrientationLandscapeLeft UIInterfaceOrientationLandscapeRight";
				INFOPLIST_KEY_UISupportedInterfaceOrientations_iPhone = "UIInterfaceOrientationPortrait UIInterfaceOrientationLandscapeLeft UIInterfaceOrientationLandscapeRight";
				LD_RUNPATH_SEARCH_PATHS = (
					"$(inherited)",
					"@executable_path/Frameworks",
				);
				MARKETING_VERSION = 1.0;
				PRODUCT_BUNDLE_IDENTIFIER = com.mariluzparejo.MediquoTest;
				PRODUCT_NAME = "$(TARGET_NAME)";
				SWIFT_EMIT_LOC_STRINGS = YES;
				SWIFT_VERSION = 5.0;
				TARGETED_DEVICE_FAMILY = "1,2";
			};
			name = Release;
		};
/* End XCBuildConfiguration section */

/* Begin XCConfigurationList section */
		BCCB009D279AB98F00B1CB52 /* Build configuration list for PBXProject "MediquoTest" */ = {
			isa = XCConfigurationList;
			buildConfigurations = (
				BCCB00B7279AB99400B1CB52 /* Debug */,
				BCCB00B8279AB99400B1CB52 /* Release */,
			);
			defaultConfigurationIsVisible = 0;
			defaultConfigurationName = Release;
		};
		BCCB00B9279AB99400B1CB52 /* Build configuration list for PBXNativeTarget "MediquoTest" */ = {
			isa = XCConfigurationList;
			buildConfigurations = (
				BCCB00BA279AB99400B1CB52 /* Debug */,
				BCCB00BB279AB99400B1CB52 /* Release */,
			);
			defaultConfigurationIsVisible = 0;
			defaultConfigurationName = Release;
		};
/* End XCConfigurationList section */
	};
	rootObject = BCCB009A279AB98F00B1CB52 /* Project object */;
}
